<?xml version="1.0" encoding="UTF-8" standalone="yes" ?>
<CodeBlocks_project_file>
	<FileVersion major="1" minor="6" />
	<Project>
		<Option title="libfetionsip" />
		<Option pch_mode="2" />
		<Option compiler="gcc" />
		<Build>
			<Target title="Debug">
				<Option output="bin/Debug/libfetionsip" prefix_auto="1" extension_auto="1" />
				<Option object_output="obj/Debug/" />
				<Option type="1" />
				<Option compiler="gcc" />
				<Compiler>
					<Add option="-g" />
				</Compiler>
			</Target>
			<Target title="Release">
				<Option output="bin/Release/libfetionsip" prefix_auto="1" extension_auto="1" />
				<Option object_output="obj/Release/" />
				<Option type="1" />
				<Option compiler="gcc" />
				<Compiler>
					<Add option="-O2" />
				</Compiler>
				<Linker>
					<Add option="-s" />
				</Linker>
			</Target>
		</Build>
		<Compiler>
			<Add option="-Wall" />
		</Compiler>
		<Unit filename="main.c">
			<Option compilerVar="CC" />
		</Unit>
		<Unit filename="parser.h" />
		<Unit filename="sip_authorization.c">
			<Option compilerVar="CC" />
		</Unit>
		<Unit filename="sip_authorization.h" />
		<Unit filename="sip_body.c">
			<Option compilerVar="CC" />
		</Unit>
		<Unit filename="sip_body.h" />
		<Unit filename="sip_call_id.c">
			<Option compilerVar="CC" />
		</Unit>
		<Unit filename="sip_call_id.h" />
		<Unit filename="sip_cn.c">
			<Option compilerVar="CC" />
		</Unit>
		<Unit filename="sip_cn.h" />
		<Unit filename="sip_const.h" />
		<Unit filename="sip_contact.c">
			<Option compilerVar="CC" />
		</Unit>
		<Unit filename="sip_contact.h" />
		<Unit filename="sip_content_encoding.c">
			<Option compilerVar="CC" />
		</Unit>
		<Unit filename="sip_content_encoding.h" />
		<Unit filename="sip_content_length.c">
			<Option compilerVar="CC" />
		</Unit>
		<Unit filename="sip_content_length.h" />
		<Unit filename="sip_content_type.c">
			<Option compilerVar="CC" />
		</Unit>
		<Unit filename="sip_content_type.h" />
		<Unit filename="sip_cseq.c">
			<Option compilerVar="CC" />
		</Unit>
		<Unit filename="sip_cseq.h" />
		<Unit filename="sip_error_info.h" />
		<Unit filename="sip_from.c">
			<Option compilerVar="CC" />
		</Unit>
		<Unit filename="sip_from.h" />
		<Unit filename="sip_header.c">
			<Option compilerVar="CC" />
		</Unit>
		<Unit filename="sip_header.h" />
		<Unit filename="sip_headers.h" />
		<Unit filename="sip_list.c">
			<Option compilerVar="CC" />
		</Unit>
		<Unit filename="sip_list.h" />
		<Unit filename="sip_message.c">
			<Option compilerVar="CC" />
		</Unit>
		<Unit filename="sip_message.h" />
		<Unit filename="sip_message_parse.c">
			<Option compilerVar="CC" />
		</Unit>
		<Unit filename="sip_message_to_str.c">
			<Option compilerVar="CC" />
		</Unit>
		<Unit filename="sip_mime_version.c">
			<Option compilerVar="CC" />
		</Unit>
		<Unit filename="sip_mime_version.h" />
		<Unit filename="sip_parser.h" />
		<Unit filename="sip_parser_cfg.c">
			<Option compilerVar="CC" />
		</Unit>
		<Unit filename="sip_port.c">
			<Option compilerVar="CC" />
		</Unit>
		<Unit filename="sip_port.h" />
		<Unit filename="sip_to.c">
			<Option compilerVar="CC" />
		</Unit>
		<Unit filename="sip_to.h" />
		<Unit filename="sip_uri.c">
			<Option compilerVar="CC" />
		</Unit>
		<Unit filename="sip_uri.h" />
		<Unit filename="sip_via.c">
			<Option compilerVar="CC" />
		</Unit>
		<Unit filename="sip_via.h" />
		<Unit filename="sip_www_authenticate.c">
			<Option compilerVar="CC" />
		</Unit>
		<Unit filename="sip_www_authenticate.h" />
		<Extensions>
			<envvars />
			<code_completion>
				<search_path add="/home/programmeboy/svn/llibfetion/libfetion/sip_test/libfetionsip/" />
				<search_path add="/usr/include" />
				<search_path add="/usr/include/bits" />
				<search_path add="/usr/local/include" />
				<search_path add="/usr/include/sys" />
				<search_path add="/usr/include/netinet" />
				<search_path add="/usr/include/arpa" />
			</code_completion>
			<debugger />
			<lib_finder disable_auto="1" />
		</Extensions>
	</Project>
</CodeBlocks_project_file>
